
Microsoft Visual Studio Solution File, Format Version 12.00
# Visual Studio Version 17
VisualStudioVersion = 17.4.33122.133
MinimumVisualStudioVersion = 10.0.40219.1
Project("{9A19103F-16F7-4668-BE54-9A1E7A4F7556}") = "WebUI", "WebUI\WebUI.csproj", "{9B0321FD-D646-40BF-8E9F-437FBE10F2DC}"
EndProject
Project("{FAE04EC0-301F-11D3-BF4B-00C04F79EFBC}") = "Domain", "Domain\Domain.csproj", "{789F570B-C406-4C7D-9C31-005C2E7710FA}"
EndProject
Project("{FAE04EC0-301F-11D3-BF4B-00C04F79EFBC}") = "Infrastructure", "Infrastructure\Infrastructure.csproj", "{18ED571B-D063-4FB3-A306-486FAD18E8DF}"
EndProject
Project("{FAE04EC0-301F-11D3-BF4B-00C04F79EFBC}") = "Application", "Application\Application.csproj", "{71AED26C-E06E-450E-9D2C-142DE629E9E9}"
EndProject
Global
	GlobalSection(SolutionConfigurationPlatforms) = preSolution
		Debug|Any CPU = Debug|Any CPU
		Release|Any CPU = Release|Any CPU
	EndGlobalSection
	GlobalSection(ProjectConfigurationPlatforms) = postSolution
		{9B0321FD-D646-40BF-8E9F-437FBE10F2DC}.Debug|Any CPU.ActiveCfg = Debug|Any CPU
		{9B0321FD-D646-40BF-8E9F-437FBE10F2DC}.Debug|Any CPU.Build.0 = Debug|Any CPU
		{9B0321FD-D646-40BF-8E9F-437FBE10F2DC}.Release|Any CPU.ActiveCfg = Release|Any CPU
		{9B0321FD-D646-40BF-8E9F-437FBE10F2DC}.Release|Any CPU.Build.0 = Release|Any CPU
		{789F570B-C406-4C7D-9C31-005C2E7710FA}.Debug|Any CPU.ActiveCfg = Debug|Any CPU
		{789F570B-C406-4C7D-9C31-005C2E7710FA}.Debug|Any CPU.Build.0 = Debug|Any CPU
		{789F570B-C406-4C7D-9C31-005C2E7710FA}.Release|Any CPU.ActiveCfg = Release|Any CPU
		{789F570B-C406-4C7D-9C31-005C2E7710FA}.Release|Any CPU.Build.0 = Release|Any CPU
		{18ED571B-D063-4FB3-A306-486FAD18E8DF}.Debug|Any CPU.ActiveCfg = Debug|Any CPU
		{18ED571B-D063-4FB3-A306-486FAD18E8DF}.Debug|Any CPU.Build.0 = Debug|Any CPU
		{18ED571B-D063-4FB3-A306-486FAD18E8DF}.Release|Any CPU.ActiveCfg = Release|Any CPU
		{18ED571B-D063-4FB3-A306-486FAD18E8DF}.Release|Any CPU.Build.0 = Release|Any CPU
		{71AED26C-E06E-450E-9D2C-142DE629E9E9}.Debug|Any CPU.ActiveCfg = Debug|Any CPU
		{71AED26C-E06E-450E-9D2C-142DE629E9E9}.Debug|Any CPU.Build.0 = Debug|Any CPU
		{71AED26C-E06E-450E-9D2C-142DE629E9E9}.Release|Any CPU.ActiveCfg = Release|Any CPU
		{71AED26C-E06E-450E-9D2C-142DE629E9E9}.Release|Any CPU.Build.0 = Release|Any CPU
	EndGlobalSection
	GlobalSection(SolutionProperties) = preSolution
		HideSolutionNode = FALSE
	EndGlobalSection
	GlobalSection(ExtensibilityGlobals) = postSolution
		SolutionGuid = {DA3073A1-DF2E-402A-A22F-6BA4FAE8398D}
	EndGlobalSection
EndGlobal
